
Microsoft Visual Studio Solution File, Format Version 12.00
# Visual Studio Version 16
VisualStudioVersion = 16.0.29920.165
MinimumVisualStudioVersion = 10.0.40219.1
Project("{FAE04EC0-301F-11D3-BF4B-00C04F79EFBC}") = "HomeWork1.Task1", "HomeWork.Task1\HomeWork1.Task1.csproj", "{E0DF8BDA-F54A-4B69-8610-DEEDC73421B1}"
EndProject
Project("{FAE04EC0-301F-11D3-BF4B-00C04F79EFBC}") = "HomeWork1.Task2", "HomeWork1.Task2\HomeWork1.Task2.csproj", "{E63C12E4-B7A7-4251-A4F5-10A001F58428}"
EndProject
Project("{FAE04EC0-301F-11D3-BF4B-00C04F79EFBC}") = "HomeWork1.Task3", "HomeWork1.Task3\HomeWork1.Task3.csproj", "{C67E6530-6578-43E4-BB94-B88DF54558D6}"
EndProject
Project("{FAE04EC0-301F-11D3-BF4B-00C04F79EFBC}") = "HomeWork.Helpers", "HomeWork.Helpers\HomeWork.Helpers.csproj", "{824F21C6-35AB-4381-813F-8671F68B817D}"
EndProject
Project("{FAE04EC0-301F-11D3-BF4B-00C04F79EFBC}") = "HomeWork1.Task4", "HomeWork1.Task4\HomeWork1.Task4.csproj", "{9EA2A861-3A9B-4ACC-B1F9-C029112F6939}"
EndProject
Project("{FAE04EC0-301F-11D3-BF4B-00C04F79EFBC}") = "HomeWork1.Task5", "HomeWork1.Task5\HomeWork1.Task5.csproj", "{5429886D-F68D-4D84-8E2D-E6386C8065DA}"
EndProject
Project("{2150E333-8FDC-42A3-9474-1A3956D46DE8}") = "HomeWork1", "HomeWork1", "{4B491119-55C6-41B1-AA9E-E9D9C74604FF}"
EndProject
Project("{2150E333-8FDC-42A3-9474-1A3956D46DE8}") = "HomeWork2", "HomeWork2", "{EE31D216-09FC-459A-AE75-C45B28F41831}"
EndProject
Project("{FAE04EC0-301F-11D3-BF4B-00C04F79EFBC}") = "HomeWork2.Task1", "HomeWork2.Task1\HomeWork2.Task1.csproj", "{D17930E7-735D-4788-9A02-A80277BBA5AD}"
EndProject
Project("{FAE04EC0-301F-11D3-BF4B-00C04F79EFBC}") = "HomeWork2.Task2", "HomeWork2.Task2\HomeWork2.Task2.csproj", "{E023B09B-5D75-4968-9859-346F89BA2E81}"
EndProject
Project("{FAE04EC0-301F-11D3-BF4B-00C04F79EFBC}") = "HomeWork2.Task3", "HomeWork2.Task3\HomeWork2.Task3.csproj", "{819B4ACA-CA33-408A-8CFA-66B34A54A4CC}"
EndProject
Project("{FAE04EC0-301F-11D3-BF4B-00C04F79EFBC}") = "HomeWork2.Task4", "HomeWork2.Task4\HomeWork2.Task4.csproj", "{CBA8B791-7261-4271-A649-7D877B7DF1CD}"
EndProject
Project("{FAE04EC0-301F-11D3-BF4B-00C04F79EFBC}") = "HomeWork2.Task5", "HomeWork2.Task5\HomeWork2.Task5.csproj", "{88C95164-269D-457B-B6EA-6347831B4D4A}"
EndProject
Project("{FAE04EC0-301F-11D3-BF4B-00C04F79EFBC}") = "HomeWork2.Task6", "HomeWork2.Task6\HomeWork2.Task6.csproj", "{717CF193-AA80-4736-A4EF-3E9FEB94D8A5}"
EndProject
Project("{FAE04EC0-301F-11D3-BF4B-00C04F79EFBC}") = "HomeWork2.Task7", "HomeWork2.Task7\HomeWork2.Task7.csproj", "{E4269833-9266-4E03-9D42-FEB49FDB952D}"
EndProject
Project("{2150E333-8FDC-42A3-9474-1A3956D46DE8}") = "HomeWork3", "HomeWork3", "{69FC6FF0-4573-4853-A07F-06051737178C}"
EndProject
Project("{FAE04EC0-301F-11D3-BF4B-00C04F79EFBC}") = "HomeWork3.Task1", "HomeWork3.Task1\HomeWork3.Task1.csproj", "{0EC5E335-A87A-4AED-B16F-49275F5D0292}"
EndProject
Project("{FAE04EC0-301F-11D3-BF4B-00C04F79EFBC}") = "HomeWork3.Task3", "HomeWork3.Task3\HomeWork3.Task3.csproj", "{1D1B3842-B9E0-40A7-A908-107F0245EFD2}"
EndProject
Project("{2150E333-8FDC-42A3-9474-1A3956D46DE8}") = "HomeWork4", "HomeWork4", "{8C6C64A9-CDBC-4DA5-91C1-51CA3426069A}"
EndProject
Project("{FAE04EC0-301F-11D3-BF4B-00C04F79EFBC}") = "HomeWork4.Task5", "HomeWork4.Task5\HomeWork4.Task5.csproj", "{11124960-C666-433C-8E18-AF212ADDB6EA}"
EndProject
Project("{FAE04EC0-301F-11D3-BF4B-00C04F79EFBC}") = "HomeWork4.Task3", "HomeWork4.Task3\HomeWork4.Task3.csproj", "{2FBF4F89-EC49-41EE-BB1B-8577660952D6}"
EndProject
Project("{2150E333-8FDC-42A3-9474-1A3956D46DE8}") = "HomeWork5", "HomeWork5", "{ED5D081C-6D3F-4E84-95E7-0F345BB34F1E}"
EndProject
Project("{FAE04EC0-301F-11D3-BF4B-00C04F79EFBC}") = "HomeWork5.Task2", "HomeWork.Task5\HomeWork5.Task2.csproj", "{9DA6F927-415D-4D4D-9AA5-7B30ADA48EB5}"
EndProject
Project("{FAE04EC0-301F-11D3-BF4B-00C04F79EFBC}") = "HomeWork5.Task4", "HomeWork5.Task4\HomeWork5.Task4.csproj", "{07D8E983-D5BB-44DB-8BC1-BE45E697EF35}"
EndProject
Project("{2150E333-8FDC-42A3-9474-1A3956D46DE8}") = "HomeWork6", "HomeWork6", "{8326434A-5F6B-4F0C-BA62-73A3BC0F7A83}"
EndProject
Project("{FAE04EC0-301F-11D3-BF4B-00C04F79EFBC}") = "HomeWork6.Task3", "HomeWork6.Task3\HomeWork6.Task3.csproj", "{7F2D0E16-4749-443E-9A7E-BA3933B5761A}"
EndProject
Project("{FAE04EC0-301F-11D3-BF4B-00C04F79EFBC}") = "HomeWork6.Task4", "HomeWork6.Task4\HomeWork6.Task4.csproj", "{E3AA7773-7407-4CB5-8462-1D45825CC35A}"
EndProject
Project("{2150E333-8FDC-42A3-9474-1A3956D46DE8}") = "HomeWork7", "HomeWork7", "{710468A8-7439-4A2F-B280-18C471C2D341}"
EndProject
Project("{FAE04EC0-301F-11D3-BF4B-00C04F79EFBC}") = "HomeWork7.Task1", "HomeWork7.Task1\HomeWork7.Task1.csproj", "{54EA2BD8-4792-498A-9019-35E3CB0E2D9C}"
EndProject
Project("{FAE04EC0-301F-11D3-BF4B-00C04F79EFBC}") = "HomeWork7.Task2", "HomeWork7.Task2\HomeWork7.Task2.csproj", "{60FC5A9F-92F7-434A-B80E-831D177F9DD8}"
EndProject
Global
	GlobalSection(SolutionConfigurationPlatforms) = preSolution
		Debug|Any CPU = Debug|Any CPU
		Release|Any CPU = Release|Any CPU
	EndGlobalSection
	GlobalSection(ProjectConfigurationPlatforms) = postSolution
		{E0DF8BDA-F54A-4B69-8610-DEEDC73421B1}.Debug|Any CPU.ActiveCfg = Debug|Any CPU
		{E0DF8BDA-F54A-4B69-8610-DEEDC73421B1}.Debug|Any CPU.Build.0 = Debug|Any CPU
		{E0DF8BDA-F54A-4B69-8610-DEEDC73421B1}.Release|Any CPU.ActiveCfg = Release|Any CPU
		{E0DF8BDA-F54A-4B69-8610-DEEDC73421B1}.Release|Any CPU.Build.0 = Release|Any CPU
		{E63C12E4-B7A7-4251-A4F5-10A001F58428}.Debug|Any CPU.ActiveCfg = Debug|Any CPU
		{E63C12E4-B7A7-4251-A4F5-10A001F58428}.Debug|Any CPU.Build.0 = Debug|Any CPU
		{E63C12E4-B7A7-4251-A4F5-10A001F58428}.Release|Any CPU.ActiveCfg = Release|Any CPU
		{E63C12E4-B7A7-4251-A4F5-10A001F58428}.Release|Any CPU.Build.0 = Release|Any CPU
		{C67E6530-6578-43E4-BB94-B88DF54558D6}.Debug|Any CPU.ActiveCfg = Debug|Any CPU
		{C67E6530-6578-43E4-BB94-B88DF54558D6}.Debug|Any CPU.Build.0 = Debug|Any CPU
		{C67E6530-6578-43E4-BB94-B88DF54558D6}.Release|Any CPU.ActiveCfg = Release|Any CPU
		{C67E6530-6578-43E4-BB94-B88DF54558D6}.Release|Any CPU.Build.0 = Release|Any CPU
		{824F21C6-35AB-4381-813F-8671F68B817D}.Debug|Any CPU.ActiveCfg = Debug|Any CPU
		{824F21C6-35AB-4381-813F-8671F68B817D}.Debug|Any CPU.Build.0 = Debug|Any CPU
		{824F21C6-35AB-4381-813F-8671F68B817D}.Release|Any CPU.ActiveCfg = Release|Any CPU
		{824F21C6-35AB-4381-813F-8671F68B817D}.Release|Any CPU.Build.0 = Release|Any CPU
		{9EA2A861-3A9B-4ACC-B1F9-C029112F6939}.Debug|Any CPU.ActiveCfg = Debug|Any CPU
		{9EA2A861-3A9B-4ACC-B1F9-C029112F6939}.Debug|Any CPU.Build.0 = Debug|Any CPU
		{9EA2A861-3A9B-4ACC-B1F9-C029112F6939}.Release|Any CPU.ActiveCfg = Release|Any CPU
		{9EA2A861-3A9B-4ACC-B1F9-C029112F6939}.Release|Any CPU.Build.0 = Release|Any CPU
		{5429886D-F68D-4D84-8E2D-E6386C8065DA}.Debug|Any CPU.ActiveCfg = Debug|Any CPU
		{5429886D-F68D-4D84-8E2D-E6386C8065DA}.Debug|Any CPU.Build.0 = Debug|Any CPU
		{5429886D-F68D-4D84-8E2D-E6386C8065DA}.Release|Any CPU.ActiveCfg = Release|Any CPU
		{5429886D-F68D-4D84-8E2D-E6386C8065DA}.Release|Any CPU.Build.0 = Release|Any CPU
		{D17930E7-735D-4788-9A02-A80277BBA5AD}.Debug|Any CPU.ActiveCfg = Debug|Any CPU
		{D17930E7-735D-4788-9A02-A80277BBA5AD}.Debug|Any CPU.Build.0 = Debug|Any CPU
		{D17930E7-735D-4788-9A02-A80277BBA5AD}.Release|Any CPU.ActiveCfg = Release|Any CPU
		{D17930E7-735D-4788-9A02-A80277BBA5AD}.Release|Any CPU.Build.0 = Release|Any CPU
		{E023B09B-5D75-4968-9859-346F89BA2E81}.Debug|Any CPU.ActiveCfg = Debug|Any CPU
		{E023B09B-5D75-4968-9859-346F89BA2E81}.Debug|Any CPU.Build.0 = Debug|Any CPU
		{E023B09B-5D75-4968-9859-346F89BA2E81}.Release|Any CPU.ActiveCfg = Release|Any CPU
		{E023B09B-5D75-4968-9859-346F89BA2E81}.Release|Any CPU.Build.0 = Release|Any CPU
		{819B4ACA-CA33-408A-8CFA-66B34A54A4CC}.Debug|Any CPU.ActiveCfg = Debug|Any CPU
		{819B4ACA-CA33-408A-8CFA-66B34A54A4CC}.Debug|Any CPU.Build.0 = Debug|Any CPU
		{819B4ACA-CA33-408A-8CFA-66B34A54A4CC}.Release|Any CPU.ActiveCfg = Release|Any CPU
		{819B4ACA-CA33-408A-8CFA-66B34A54A4CC}.Release|Any CPU.Build.0 = Release|Any CPU
		{CBA8B791-7261-4271-A649-7D877B7DF1CD}.Debug|Any CPU.ActiveCfg = Debug|Any CPU
		{CBA8B791-7261-4271-A649-7D877B7DF1CD}.Debug|Any CPU.Build.0 = Debug|Any CPU
		{CBA8B791-7261-4271-A649-7D877B7DF1CD}.Release|Any CPU.ActiveCfg = Release|Any CPU
		{CBA8B791-7261-4271-A649-7D877B7DF1CD}.Release|Any CPU.Build.0 = Release|Any CPU
		{88C95164-269D-457B-B6EA-6347831B4D4A}.Debug|Any CPU.ActiveCfg = Debug|Any CPU
		{88C95164-269D-457B-B6EA-6347831B4D4A}.Debug|Any CPU.Build.0 = Debug|Any CPU
		{88C95164-269D-457B-B6EA-6347831B4D4A}.Release|Any CPU.ActiveCfg = Release|Any CPU
		{88C95164-269D-457B-B6EA-6347831B4D4A}.Release|Any CPU.Build.0 = Release|Any CPU
		{717CF193-AA80-4736-A4EF-3E9FEB94D8A5}.Debug|Any CPU.ActiveCfg = Debug|Any CPU
		{717CF193-AA80-4736-A4EF-3E9FEB94D8A5}.Debug|Any CPU.Build.0 = Debug|Any CPU
		{717CF193-AA80-4736-A4EF-3E9FEB94D8A5}.Release|Any CPU.ActiveCfg = Release|Any CPU
		{717CF193-AA80-4736-A4EF-3E9FEB94D8A5}.Release|Any CPU.Build.0 = Release|Any CPU
		{E4269833-9266-4E03-9D42-FEB49FDB952D}.Debug|Any CPU.ActiveCfg = Debug|Any CPU
		{E4269833-9266-4E03-9D42-FEB49FDB952D}.Debug|Any CPU.Build.0 = Debug|Any CPU
		{E4269833-9266-4E03-9D42-FEB49FDB952D}.Release|Any CPU.ActiveCfg = Release|Any CPU
		{E4269833-9266-4E03-9D42-FEB49FDB952D}.Release|Any CPU.Build.0 = Release|Any CPU
		{0EC5E335-A87A-4AED-B16F-49275F5D0292}.Debug|Any CPU.ActiveCfg = Debug|Any CPU
		{0EC5E335-A87A-4AED-B16F-49275F5D0292}.Debug|Any CPU.Build.0 = Debug|Any CPU
		{0EC5E335-A87A-4AED-B16F-49275F5D0292}.Release|Any CPU.ActiveCfg = Release|Any CPU
		{0EC5E335-A87A-4AED-B16F-49275F5D0292}.Release|Any CPU.Build.0 = Release|Any CPU
		{1D1B3842-B9E0-40A7-A908-107F0245EFD2}.Debug|Any CPU.ActiveCfg = Debug|Any CPU
		{1D1B3842-B9E0-40A7-A908-107F0245EFD2}.Debug|Any CPU.Build.0 = Debug|Any CPU
		{1D1B3842-B9E0-40A7-A908-107F0245EFD2}.Release|Any CPU.ActiveCfg = Release|Any CPU
		{1D1B3842-B9E0-40A7-A908-107F0245EFD2}.Release|Any CPU.Build.0 = Release|Any CPU
		{11124960-C666-433C-8E18-AF212ADDB6EA}.Debug|Any CPU.ActiveCfg = Debug|Any CPU
		{11124960-C666-433C-8E18-AF212ADDB6EA}.Debug|Any CPU.Build.0 = Debug|Any CPU
		{11124960-C666-433C-8E18-AF212ADDB6EA}.Release|Any CPU.ActiveCfg = Release|Any CPU
		{11124960-C666-433C-8E18-AF212ADDB6EA}.Release|Any CPU.Build.0 = Release|Any CPU
		{2FBF4F89-EC49-41EE-BB1B-8577660952D6}.Debug|Any CPU.ActiveCfg = Debug|Any CPU
		{2FBF4F89-EC49-41EE-BB1B-8577660952D6}.Debug|Any CPU.Build.0 = Debug|Any CPU
		{2FBF4F89-EC49-41EE-BB1B-8577660952D6}.Release|Any CPU.ActiveCfg = Release|Any CPU
		{2FBF4F89-EC49-41EE-BB1B-8577660952D6}.Release|Any CPU.Build.0 = Release|Any CPU
		{9DA6F927-415D-4D4D-9AA5-7B30ADA48EB5}.Debug|Any CPU.ActiveCfg = Debug|Any CPU
		{9DA6F927-415D-4D4D-9AA5-7B30ADA48EB5}.Debug|Any CPU.Build.0 = Debug|Any CPU
		{9DA6F927-415D-4D4D-9AA5-7B30ADA48EB5}.Release|Any CPU.ActiveCfg = Release|Any CPU
		{9DA6F927-415D-4D4D-9AA5-7B30ADA48EB5}.Release|Any CPU.Build.0 = Release|Any CPU
		{07D8E983-D5BB-44DB-8BC1-BE45E697EF35}.Debug|Any CPU.ActiveCfg = Debug|Any CPU
		{07D8E983-D5BB-44DB-8BC1-BE45E697EF35}.Debug|Any CPU.Build.0 = Debug|Any CPU
		{07D8E983-D5BB-44DB-8BC1-BE45E697EF35}.Release|Any CPU.ActiveCfg = Release|Any CPU
		{07D8E983-D5BB-44DB-8BC1-BE45E697EF35}.Release|Any CPU.Build.0 = Release|Any CPU
		{7F2D0E16-4749-443E-9A7E-BA3933B5761A}.Debug|Any CPU.ActiveCfg = Debug|Any CPU
		{7F2D0E16-4749-443E-9A7E-BA3933B5761A}.Debug|Any CPU.Build.0 = Debug|Any CPU
		{7F2D0E16-4749-443E-9A7E-BA3933B5761A}.Release|Any CPU.ActiveCfg = Release|Any CPU
		{7F2D0E16-4749-443E-9A7E-BA3933B5761A}.Release|Any CPU.Build.0 = Release|Any CPU
		{E3AA7773-7407-4CB5-8462-1D45825CC35A}.Debug|Any CPU.ActiveCfg = Debug|Any CPU
		{E3AA7773-7407-4CB5-8462-1D45825CC35A}.Debug|Any CPU.Build.0 = Debug|Any CPU
		{E3AA7773-7407-4CB5-8462-1D45825CC35A}.Release|Any CPU.ActiveCfg = Release|Any CPU
		{E3AA7773-7407-4CB5-8462-1D45825CC35A}.Release|Any CPU.Build.0 = Release|Any CPU
		{54EA2BD8-4792-498A-9019-35E3CB0E2D9C}.Debug|Any CPU.ActiveCfg = Debug|Any CPU
		{54EA2BD8-4792-498A-9019-35E3CB0E2D9C}.Debug|Any CPU.Build.0 = Debug|Any CPU
		{54EA2BD8-4792-498A-9019-35E3CB0E2D9C}.Release|Any CPU.ActiveCfg = Release|Any CPU
		{54EA2BD8-4792-498A-9019-35E3CB0E2D9C}.Release|Any CPU.Build.0 = Release|Any CPU
		{60FC5A9F-92F7-434A-B80E-831D177F9DD8}.Debug|Any CPU.ActiveCfg = Debug|Any CPU
		{60FC5A9F-92F7-434A-B80E-831D177F9DD8}.Debug|Any CPU.Build.0 = Debug|Any CPU
		{60FC5A9F-92F7-434A-B80E-831D177F9DD8}.Release|Any CPU.ActiveCfg = Release|Any CPU
		{60FC5A9F-92F7-434A-B80E-831D177F9DD8}.Release|Any CPU.Build.0 = Release|Any CPU
	EndGlobalSection
	GlobalSection(SolutionProperties) = preSolution
		HideSolutionNode = FALSE
	EndGlobalSection
	GlobalSection(NestedProjects) = preSolution
		{E0DF8BDA-F54A-4B69-8610-DEEDC73421B1} = {4B491119-55C6-41B1-AA9E-E9D9C74604FF}
		{E63C12E4-B7A7-4251-A4F5-10A001F58428} = {4B491119-55C6-41B1-AA9E-E9D9C74604FF}
		{C67E6530-6578-43E4-BB94-B88DF54558D6} = {4B491119-55C6-41B1-AA9E-E9D9C74604FF}
		{9EA2A861-3A9B-4ACC-B1F9-C029112F6939} = {4B491119-55C6-41B1-AA9E-E9D9C74604FF}
		{5429886D-F68D-4D84-8E2D-E6386C8065DA} = {4B491119-55C6-41B1-AA9E-E9D9C74604FF}
		{D17930E7-735D-4788-9A02-A80277BBA5AD} = {EE31D216-09FC-459A-AE75-C45B28F41831}
		{E023B09B-5D75-4968-9859-346F89BA2E81} = {EE31D216-09FC-459A-AE75-C45B28F41831}
		{819B4ACA-CA33-408A-8CFA-66B34A54A4CC} = {EE31D216-09FC-459A-AE75-C45B28F41831}
		{CBA8B791-7261-4271-A649-7D877B7DF1CD} = {EE31D216-09FC-459A-AE75-C45B28F41831}
		{88C95164-269D-457B-B6EA-6347831B4D4A} = {EE31D216-09FC-459A-AE75-C45B28F41831}
		{717CF193-AA80-4736-A4EF-3E9FEB94D8A5} = {EE31D216-09FC-459A-AE75-C45B28F41831}
		{E4269833-9266-4E03-9D42-FEB49FDB952D} = {EE31D216-09FC-459A-AE75-C45B28F41831}
		{0EC5E335-A87A-4AED-B16F-49275F5D0292} = {69FC6FF0-4573-4853-A07F-06051737178C}
		{1D1B3842-B9E0-40A7-A908-107F0245EFD2} = {69FC6FF0-4573-4853-A07F-06051737178C}
		{11124960-C666-433C-8E18-AF212ADDB6EA} = {8C6C64A9-CDBC-4DA5-91C1-51CA3426069A}
		{2FBF4F89-EC49-41EE-BB1B-8577660952D6} = {8C6C64A9-CDBC-4DA5-91C1-51CA3426069A}
		{9DA6F927-415D-4D4D-9AA5-7B30ADA48EB5} = {ED5D081C-6D3F-4E84-95E7-0F345BB34F1E}
		{07D8E983-D5BB-44DB-8BC1-BE45E697EF35} = {ED5D081C-6D3F-4E84-95E7-0F345BB34F1E}
		{7F2D0E16-4749-443E-9A7E-BA3933B5761A} = {8326434A-5F6B-4F0C-BA62-73A3BC0F7A83}
		{E3AA7773-7407-4CB5-8462-1D45825CC35A} = {8326434A-5F6B-4F0C-BA62-73A3BC0F7A83}
		{54EA2BD8-4792-498A-9019-35E3CB0E2D9C} = {710468A8-7439-4A2F-B280-18C471C2D341}
		{60FC5A9F-92F7-434A-B80E-831D177F9DD8} = {710468A8-7439-4A2F-B280-18C471C2D341}
	EndGlobalSection
	GlobalSection(ExtensibilityGlobals) = postSolution
		SolutionGuid = {8FE9826E-FA98-4754-9F89-0175AF788F9C}
	EndGlobalSection
EndGlobal
